// !$*UTF8*$!
{
	archiveVersion = 1;
	classes = {
	};
	objectVersion = 48;
	objects = {

/* Begin PBXBuildFile section */
		227386A9203E1FDC00157013 /* OpenMoji Stickers StickerPackExtension.appex in Embed App Extensions */ = {isa = PBXBuildFile; fileRef = 227386A8203E1FDC00157013 /* OpenMoji Stickers StickerPackExtension.appex */; settings = {ATTRIBUTES = (RemoveHeadersOnCopy, ); }; };
		227386AD203E1FDC00157013 /* Stickers.xcstickers in Resources */ = {isa = PBXBuildFile; fileRef = 227386AC203E1FDC00157013 /* Stickers.xcstickers */; };
		227386AE203E1FDC00157013 /* Stickers.xcstickers in Resources */ = {isa = PBXBuildFile; fileRef = 227386AC203E1FDC00157013 /* Stickers.xcstickers */; };
		22B73CA82255FE850031D96F /* AppDelegate.swift in Sources */ = {isa = PBXBuildFile; fileRef = 22B73CA72255FE850031D96F /* AppDelegate.swift */; };
		22B73CAA2255FE850031D96F /* ViewController.swift in Sources */ = {isa = PBXBuildFile; fileRef = 22B73CA92255FE850031D96F /* ViewController.swift */; };
		22B73CAD2255FE850031D96F /* Main.storyboard in Resources */ = {isa = PBXBuildFile; fileRef = 22B73CAB2255FE850031D96F /* Main.storyboard */; };
		22B73CAF2255FE870031D96F /* Assets.xcassets in Resources */ = {isa = PBXBuildFile; fileRef = 22B73CAE2255FE870031D96F /* Assets.xcassets */; };
		22B73CB22255FE870031D96F /* LaunchScreen.storyboard in Resources */ = {isa = PBXBuildFile; fileRef = 22B73CB02255FE870031D96F /* LaunchScreen.storyboard */; };
/* End PBXBuildFile section */

/* Begin PBXContainerItemProxy section */
		227386AA203E1FDC00157013 /* PBXContainerItemProxy */ = {
			isa = PBXContainerItemProxy;
			containerPortal = 2273869E203E1FDC00157013 /* Project object */;
			proxyType = 1;
			remoteGlobalIDString = 227386A7203E1FDC00157013;
			remoteInfo = "OpenMoji Stickers StickerPackExtension";
		};
/* End PBXContainerItemProxy section */

/* Begin PBXCopyFilesBuildPhase section */
		227386B4203E1FDC00157013 /* Embed App Extensions */ = {
			isa = PBXCopyFilesBuildPhase;
			buildActionMask = 2147483647;
			dstPath = "";
			dstSubfolderSpec = 13;
			files = (
				227386A9203E1FDC00157013 /* OpenMoji Stickers StickerPackExtension.appex in Embed App Extensions */,
			);
			name = "Embed App Extensions";
			runOnlyForDeploymentPostprocessing = 0;
		};
/* End PBXCopyFilesBuildPhase section */

/* Begin PBXFileReference section */
		227386A4203E1FDC00157013 /* OpenMoji Stickers.app */ = {isa = PBXFileReference; explicitFileType = wrapper.application; includeInIndex = 0; path = "OpenMoji Stickers.app"; sourceTree = BUILT_PRODUCTS_DIR; };
		227386A8203E1FDC00157013 /* OpenMoji Stickers StickerPackExtension.appex */ = {isa = PBXFileReference; explicitFileType = "wrapper.app-extension"; includeInIndex = 0; path = "OpenMoji Stickers StickerPackExtension.appex"; sourceTree = BUILT_PRODUCTS_DIR; };
		227386AC203E1FDC00157013 /* Stickers.xcstickers */ = {isa = PBXFileReference; lastKnownFileType = folder.stickers; name = Stickers.xcstickers; path = "OpenMoji Stickers StickerPackExtension/Stickers.xcstickers"; sourceTree = "<group>"; };
		22B73CA52255FE850031D96F /* OpenMoji.app */ = {isa = PBXFileReference; explicitFileType = wrapper.application; includeInIndex = 0; path = OpenMoji.app; sourceTree = BUILT_PRODUCTS_DIR; };
		22B73CA72255FE850031D96F /* AppDelegate.swift */ = {isa = PBXFileReference; lastKnownFileType = sourcecode.swift; path = AppDelegate.swift; sourceTree = "<group>"; };
		22B73CA92255FE850031D96F /* ViewController.swift */ = {isa = PBXFileReference; lastKnownFileType = sourcecode.swift; path = ViewController.swift; sourceTree = "<group>"; };
		22B73CAC2255FE850031D96F /* Base */ = {isa = PBXFileReference; lastKnownFileType = file.storyboard; name = Base; path = Base.lproj/Main.storyboard; sourceTree = "<group>"; };
		22B73CAE2255FE870031D96F /* Assets.xcassets */ = {isa = PBXFileReference; lastKnownFileType = folder.assetcatalog; path = Assets.xcassets; sourceTree = "<group>"; };
		22B73CB12255FE870031D96F /* Base */ = {isa = PBXFileReference; lastKnownFileType = file.storyboard; name = Base; path = Base.lproj/LaunchScreen.storyboard; sourceTree = "<group>"; };
		22B73CB32255FE870031D96F /* Info.plist */ = {isa = PBXFileReference; lastKnownFileType = text.plist.xml; path = Info.plist; sourceTree = "<group>"; };
/* End PBXFileReference section */

/* Begin PBXFrameworksBuildPhase section */
		22B73CA22255FE850031D96F /* Frameworks */ = {
			isa = PBXFrameworksBuildPhase;
			buildActionMask = 2147483647;
			files = (
			);
			runOnlyForDeploymentPostprocessing = 0;
		};
/* End PBXFrameworksBuildPhase section */

/* Begin PBXGroup section */
		2273869D203E1FDC00157013 = {
			isa = PBXGroup;
			children = (
				227386AC203E1FDC00157013 /* Stickers.xcstickers */,
				22B73CA62255FE850031D96F /* OpenMoji */,
				227386A5203E1FDC00157013 /* Products */,
			);
			sourceTree = "<group>";
		};
		227386A5203E1FDC00157013 /* Products */ = {
			isa = PBXGroup;
			children = (
				227386A4203E1FDC00157013 /* OpenMoji Stickers.app */,
				227386A8203E1FDC00157013 /* OpenMoji Stickers StickerPackExtension.appex */,
				22B73CA52255FE850031D96F /* OpenMoji.app */,
			);
			name = Products;
			sourceTree = "<group>";
		};
		22B73CA62255FE850031D96F /* OpenMoji */ = {
			isa = PBXGroup;
			children = (
				22B73CA72255FE850031D96F /* AppDelegate.swift */,
				22B73CA92255FE850031D96F /* ViewController.swift */,
				22B73CAB2255FE850031D96F /* Main.storyboard */,
				22B73CAE2255FE870031D96F /* Assets.xcassets */,
				22B73CB02255FE870031D96F /* LaunchScreen.storyboard */,
				22B73CB32255FE870031D96F /* Info.plist */,
			);
			path = OpenMoji;
			sourceTree = "<group>";
		};
/* End PBXGroup section */

/* Begin PBXNativeTarget section */
		227386A3203E1FDC00157013 /* OpenMoji Stickers */ = {
			isa = PBXNativeTarget;
			buildConfigurationList = 227386B5203E1FDC00157013 /* Build configuration list for PBXNativeTarget "OpenMoji Stickers" */;
			buildPhases = (
				227386A2203E1FDC00157013 /* Resources */,
				227386B4203E1FDC00157013 /* Embed App Extensions */,
			);
			buildRules = (
			);
			dependencies = (
				227386AB203E1FDC00157013 /* PBXTargetDependency */,
			);
			name = "OpenMoji Stickers";
			productName = "OpenMoji Stickers";
			productReference = 227386A4203E1FDC00157013 /* OpenMoji Stickers.app */;
			productType = "com.apple.product-type.application.messages";
		};
		227386A7203E1FDC00157013 /* OpenMoji Stickers StickerPackExtension */ = {
			isa = PBXNativeTarget;
			buildConfigurationList = 227386B1203E1FDC00157013 /* Build configuration list for PBXNativeTarget "OpenMoji Stickers StickerPackExtension" */;
			buildPhases = (
				227386A6203E1FDC00157013 /* Resources */,
			);
			buildRules = (
			);
			dependencies = (
			);
			name = "OpenMoji Stickers StickerPackExtension";
			productName = "OpenMoji Stickers StickerPackExtension";
			productReference = 227386A8203E1FDC00157013 /* OpenMoji Stickers StickerPackExtension.appex */;
			productType = "com.apple.product-type.app-extension.messages-sticker-pack";
		};
		22B73CA42255FE850031D96F /* OpenMoji */ = {
			isa = PBXNativeTarget;
			buildConfigurationList = 22B73CB62255FE870031D96F /* Build configuration list for PBXNativeTarget "OpenMoji" */;
			buildPhases = (
				22B73CA12255FE850031D96F /* Sources */,
				22B73CA22255FE850031D96F /* Frameworks */,
				22B73CA32255FE850031D96F /* Resources */,
			);
			buildRules = (
			);
			dependencies = (
			);
			name = OpenMoji;
			productName = OpenMoji;
			productReference = 22B73CA52255FE850031D96F /* OpenMoji.app */;
			productType = "com.apple.product-type.application";
		};
/* End PBXNativeTarget section */

/* Begin PBXProject section */
		2273869E203E1FDC00157013 /* Project object */ = {
			isa = PBXProject;
			attributes = {
				LastSwiftUpdateCheck = 1020;
				LastUpgradeCheck = 0940;
				ORGANIZATIONNAME = Sam0711er;
				TargetAttributes = {
					227386A3203E1FDC00157013 = {
						CreatedOnToolsVersion = 9.2;
						ProvisioningStyle = Automatic;
					};
					227386A7203E1FDC00157013 = {
						CreatedOnToolsVersion = 9.2;
						ProvisioningStyle = Automatic;
					};
					22B73CA42255FE850031D96F = {
						CreatedOnToolsVersion = 10.2;
						ProvisioningStyle = Automatic;
					};
				};
			};
			buildConfigurationList = 227386A1203E1FDC00157013 /* Build configuration list for PBXProject "OpenMoji Stickers" */;
			compatibilityVersion = "Xcode 8.0";
			developmentRegion = en;
			hasScannedForEncodings = 0;
			knownRegions = (
				en,
				Base,
			);
			mainGroup = 2273869D203E1FDC00157013;
			productRefGroup = 227386A5203E1FDC00157013 /* Products */;
			projectDirPath = "";
			projectRoot = "";
			targets = (
				22B73CA42255FE850031D96F /* OpenMoji */,
				227386A3203E1FDC00157013 /* OpenMoji Stickers */,
				227386A7203E1FDC00157013 /* OpenMoji Stickers StickerPackExtension */,
			);
		};
/* End PBXProject section */

/* Begin PBXResourcesBuildPhase section */
		227386A2203E1FDC00157013 /* Resources */ = {
			isa = PBXResourcesBuildPhase;
			buildActionMask = 2147483647;
			files = (
				227386AE203E1FDC00157013 /* Stickers.xcstickers in Resources */,
			);
			runOnlyForDeploymentPostprocessing = 0;
		};
		227386A6203E1FDC00157013 /* Resources */ = {
			isa = PBXResourcesBuildPhase;
			buildActionMask = 2147483647;
			files = (
				227386AD203E1FDC00157013 /* Stickers.xcstickers in Resources */,
			);
			runOnlyForDeploymentPostprocessing = 0;
		};
		22B73CA32255FE850031D96F /* Resources */ = {
			isa = PBXResourcesBuildPhase;
			buildActionMask = 2147483647;
			files = (
				22B73CB22255FE870031D96F /* LaunchScreen.storyboard in Resources */,
				22B73CAF2255FE870031D96F /* Assets.xcassets in Resources */,
				22B73CAD2255FE850031D96F /* Main.storyboard in Resources */,
			);
			runOnlyForDeploymentPostprocessing = 0;
		};
/* End PBXResourcesBuildPhase section */

/* Begin PBXSourcesBuildPhase section */
		22B73CA12255FE850031D96F /* Sources */ = {
			isa = PBXSourcesBuildPhase;
			buildActionMask = 2147483647;
			files = (
				22B73CAA2255FE850031D96F /* ViewController.swift in Sources */,
				22B73CA82255FE850031D96F /* AppDelegate.swift in Sources */,
			);
			runOnlyForDeploymentPostprocessing = 0;
		};
/* End PBXSourcesBuildPhase section */

/* Begin PBXTargetDependency section */
		227386AB203E1FDC00157013 /* PBXTargetDependency */ = {
			isa = PBXTargetDependency;
			target = 227386A7203E1FDC00157013 /* OpenMoji Stickers StickerPackExtension */;
			targetProxy = 227386AA203E1FDC00157013 /* PBXContainerItemProxy */;
		};
/* End PBXTargetDependency section */

/* Begin PBXVariantGroup section */
		22B73CAB2255FE850031D96F /* Main.storyboard */ = {
			isa = PBXVariantGroup;
			children = (
				22B73CAC2255FE850031D96F /* Base */,
			);
			name = Main.storyboard;
			sourceTree = "<group>";
		};
		22B73CB02255FE870031D96F /* LaunchScreen.storyboard */ = {
			isa = PBXVariantGroup;
			children = (
				22B73CB12255FE870031D96F /* Base */,
			);
			name = LaunchScreen.storyboard;
			sourceTree = "<group>";
		};
/* End PBXVariantGroup section */

/* Begin XCBuildConfiguration section */
		227386AF203E1FDC00157013 /* Debug */ = {
			isa = XCBuildConfiguration;
			buildSettings = {
				ALWAYS_SEARCH_USER_PATHS = NO;
				CLANG_ANALYZER_NONNULL = YES;
				CLANG_ANALYZER_NUMBER_OBJECT_CONVERSION = YES_AGGRESSIVE;
				CLANG_CXX_LANGUAGE_STANDARD = "gnu++14";
				CLANG_CXX_LIBRARY = "libc++";
				CLANG_ENABLE_MODULES = YES;
				CLANG_ENABLE_OBJC_ARC = YES;
				CLANG_WARN_BLOCK_CAPTURE_AUTORELEASING = YES;
				CLANG_WARN_BOOL_CONVERSION = YES;
				CLANG_WARN_COMMA = YES;
				CLANG_WARN_CONSTANT_CONVERSION = YES;
				CLANG_WARN_DEPRECATED_OBJC_IMPLEMENTATIONS = YES;
				CLANG_WARN_DIRECT_OBJC_ISA_USAGE = YES_ERROR;
				CLANG_WARN_DOCUMENTATION_COMMENTS = YES;
				CLANG_WARN_EMPTY_BODY = YES;
				CLANG_WARN_ENUM_CONVERSION = YES;
				CLANG_WARN_INFINITE_RECURSION = YES;
				CLANG_WARN_INT_CONVERSION = YES;
				CLANG_WARN_NON_LITERAL_NULL_CONVERSION = YES;
				CLANG_WARN_OBJC_IMPLICIT_RETAIN_SELF = YES;
				CLANG_WARN_OBJC_LITERAL_CONVERSION = YES;
				CLANG_WARN_OBJC_ROOT_CLASS = YES_ERROR;
				CLANG_WARN_RANGE_LOOP_ANALYSIS = YES;
				CLANG_WARN_STRICT_PROTOTYPES = YES;
				CLANG_WARN_SUSPICIOUS_MOVE = YES;
				CLANG_WARN_UNGUARDED_AVAILABILITY = YES_AGGRESSIVE;
				CLANG_WARN_UNREACHABLE_CODE = YES;
				CLANG_WARN__DUPLICATE_METHOD_MATCH = YES;
				CODE_SIGN_IDENTITY = "iPhone Developer";
				COPY_PHASE_STRIP = NO;
				DEBUG_INFORMATION_FORMAT = dwarf;
				ENABLE_STRICT_OBJC_MSGSEND = YES;
				ENABLE_TESTABILITY = YES;
				GCC_C_LANGUAGE_STANDARD = gnu11;
				GCC_DYNAMIC_NO_PIC = NO;
				GCC_NO_COMMON_BLOCKS = YES;
				GCC_OPTIMIZATION_LEVEL = 0;
				GCC_PREPROCESSOR_DEFINITIONS = (
					"DEBUG=1",
					"$(inherited)",
				);
				GCC_WARN_64_TO_32_BIT_CONVERSION = YES;
				GCC_WARN_ABOUT_RETURN_TYPE = YES_ERROR;
				GCC_WARN_UNDECLARED_SELECTOR = YES;
				GCC_WARN_UNINITIALIZED_AUTOS = YES_AGGRESSIVE;
				GCC_WARN_UNUSED_FUNCTION = YES;
				GCC_WARN_UNUSED_VARIABLE = YES;
				IPHONEOS_DEPLOYMENT_TARGET = 10.0;
				MTL_ENABLE_DEBUG_INFO = YES;
				ONLY_ACTIVE_ARCH = YES;
				SDKROOT = iphoneos;
			};
			name = Debug;
		};
		227386B0203E1FDC00157013 /* Release */ = {
			isa = XCBuildConfiguration;
			buildSettings = {
				ALWAYS_SEARCH_USER_PATHS = NO;
				CLANG_ANALYZER_NONNULL = YES;
				CLANG_ANALYZER_NUMBER_OBJECT_CONVERSION = YES_AGGRESSIVE;
				CLANG_CXX_LANGUAGE_STANDARD = "gnu++14";
				CLANG_CXX_LIBRARY = "libc++";
				CLANG_ENABLE_MODULES = YES;
				CLANG_ENABLE_OBJC_ARC = YES;
				CLANG_WARN_BLOCK_CAPTURE_AUTORELEASING = YES;
				CLANG_WARN_BOOL_CONVERSION = YES;
				CLANG_WARN_COMMA = YES;
				CLANG_WARN_CONSTANT_CONVERSION = YES;
				CLANG_WARN_DEPRECATED_OBJC_IMPLEMENTATIONS = YES;
				CLANG_WARN_DIRECT_OBJC_ISA_USAGE = YES_ERROR;
				CLANG_WARN_DOCUMENTATION_COMMENTS = YES;
				CLANG_WARN_EMPTY_BODY = YES;
				CLANG_WARN_ENUM_CONVERSION = YES;
				CLANG_WARN_INFINITE_RECURSION = YES;
				CLANG_WARN_INT_CONVERSION = YES;
				CLANG_WARN_NON_LITERAL_NULL_CONVERSION = YES;
				CLANG_WARN_OBJC_IMPLICIT_RETAIN_SELF = YES;
				CLANG_WARN_OBJC_LITERAL_CONVERSION = YES;
				CLANG_WARN_OBJC_ROOT_CLASS = YES_ERROR;
				CLANG_WARN_RANGE_LOOP_ANALYSIS = YES;
				CLANG_WARN_STRICT_PROTOTYPES = YES;
				CLANG_WARN_SUSPICIOUS_MOVE = YES;
				CLANG_WARN_UNGUARDED_AVAILABILITY = YES_AGGRESSIVE;
				CLANG_WARN_UNREACHABLE_CODE = YES;
				CLANG_WARN__DUPLICATE_METHOD_MATCH = YES;
				CODE_SIGN_IDENTITY = "iPhone Developer";
				COPY_PHASE_STRIP = NO;
				DEBUG_INFORMATION_FORMAT = "dwarf-with-dsym";
				ENABLE_NS_ASSERTIONS = NO;
				ENABLE_STRICT_OBJC_MSGSEND = YES;
				GCC_C_LANGUAGE_STANDARD = gnu11;
				GCC_NO_COMMON_BLOCKS = YES;
				GCC_WARN_64_TO_32_BIT_CONVERSION = YES;
				GCC_WARN_ABOUT_RETURN_TYPE = YES_ERROR;
				GCC_WARN_UNDECLARED_SELECTOR = YES;
				GCC_WARN_UNINITIALIZED_AUTOS = YES_AGGRESSIVE;
				GCC_WARN_UNUSED_FUNCTION = YES;
				GCC_WARN_UNUSED_VARIABLE = YES;
				IPHONEOS_DEPLOYMENT_TARGET = 10.0;
				MTL_ENABLE_DEBUG_INFO = NO;
				SDKROOT = iphoneos;
				VALIDATE_PRODUCT = YES;
			};
			name = Release;
		};
		227386B2203E1FDC00157013 /* Debug */ = {
			isa = XCBuildConfiguration;
			buildSettings = {
				ASSETCATALOG_COMPILER_APPICON_NAME = "iMessage App Icon";
				CODE_SIGN_STYLE = Automatic;
				DEVELOPMENT_TEAM = 588YB87VLP;
				INFOPLIST_FILE = "OpenMoji Stickers StickerPackExtension/Info.plist";
				PRODUCT_BUNDLE_IDENTIFIER = "org.openmoji.openmoji-stickers-ios.StickerPackExtension";
				PRODUCT_NAME = "$(TARGET_NAME)";
				SKIP_INSTALL = YES;
				TARGETED_DEVICE_FAMILY = "1,2";
			};
			name = Debug;
		};
		227386B3203E1FDC00157013 /* Release */ = {
			isa = XCBuildConfiguration;
			buildSettings = {
				ASSETCATALOG_COMPILER_APPICON_NAME = "iMessage App Icon";
				CODE_SIGN_STYLE = Automatic;
				DEVELOPMENT_TEAM = 588YB87VLP;
				INFOPLIST_FILE = "OpenMoji Stickers StickerPackExtension/Info.plist";
				PRODUCT_BUNDLE_IDENTIFIER = "org.openmoji.openmoji-stickers-ios.StickerPackExtension";
				PRODUCT_NAME = "$(TARGET_NAME)";
				SKIP_INSTALL = YES;
				TARGETED_DEVICE_FAMILY = "1,2";
			};
			name = Release;
		};
		227386B6203E1FDC00157013 /* Debug */ = {
			isa = XCBuildConfiguration;
			buildSettings = {
				ASSETCATALOG_COMPILER_APPICON_NAME = "iMessage App Icon";
				CODE_SIGN_STYLE = Automatic;
				DEVELOPMENT_TEAM = 588YB87VLP;
				INFOPLIST_FILE = "OpenMoji Stickers/Info.plist";
				IPHONEOS_DEPLOYMENT_TARGET = 10.0;
				PRODUCT_BUNDLE_IDENTIFIER = "org.openmoji.openmoji-stickers-ios";
				PRODUCT_NAME = "$(TARGET_NAME)";
				TARGETED_DEVICE_FAMILY = "1,2";
			};
			name = Debug;
		};
		227386B7203E1FDC00157013 /* Release */ = {
			isa = XCBuildConfiguration;
			buildSettings = {
				ASSETCATALOG_COMPILER_APPICON_NAME = "iMessage App Icon";
				CODE_SIGN_STYLE = Automatic;
				DEVELOPMENT_TEAM = 588YB87VLP;
				INFOPLIST_FILE = "OpenMoji Stickers/Info.plist";
				IPHONEOS_DEPLOYMENT_TARGET = 10.0;
				PRODUCT_BUNDLE_IDENTIFIER = "org.openmoji.openmoji-stickers-ios";
				PRODUCT_NAME = "$(TARGET_NAME)";
				TARGETED_DEVICE_FAMILY = "1,2";
			};
			name = Release;
		};
		22B73CB42255FE870031D96F /* Debug */ = {
			isa = XCBuildConfiguration;
			buildSettings = {
				ASSETCATALOG_COMPILER_APPICON_NAME = AppIcon;
				CLANG_ENABLE_OBJC_WEAK = YES;
				CODE_SIGN_STYLE = Automatic;
				DEVELOPMENT_TEAM = 588YB87VLP;
				INFOPLIST_FILE = OpenMoji/Info.plist;
				IPHONEOS_DEPLOYMENT_TARGET = 12.2;
				LD_RUNPATH_SEARCH_PATHS = "$(inherited) @executable_path/Frameworks";
				MTL_ENABLE_DEBUG_INFO = INCLUDE_SOURCE;
				MTL_FAST_MATH = YES;
				PRODUCT_BUNDLE_IDENTIFIER = com.sam0711er.OpenMoji;
				PRODUCT_NAME = "$(TARGET_NAME)";
				SWIFT_ACTIVE_COMPILATION_CONDITIONS = DEBUG;
				SWIFT_OPTIMIZATION_LEVEL = "-Onone";
				SWIFT_VERSION = 5.0;
				TARGETED_DEVICE_FAMILY = "1,2";
			};
			name = Debug;
		};
		22B73CB52255FE870031D96F /* Release */ = {
			isa = XCBuildConfiguration;
			buildSettings = {
				ASSETCATALOG_COMPILER_APPICON_NAME = AppIcon;
				CLANG_ENABLE_OBJC_WEAK = YES;
				CODE_SIGN_STYLE = Automatic;
				DEVELOPMENT_TEAM = 588YB87VLP;
				INFOPLIST_FILE = OpenMoji/Info.plist;
				IPHONEOS_DEPLOYMENT_TARGET = 12.2;
				LD_RUNPATH_SEARCH_PATHS = "$(inherited) @executable_path/Frameworks";
				MTL_FAST_MATH = YES;
				PRODUCT_BUNDLE_IDENTIFIER = com.sam0711er.OpenMoji;
				PRODUCT_NAME = "$(TARGET_NAME)";
				SWIFT_OPTIMIZATION_LEVEL = "-Owholemodule";
				SWIFT_VERSION = 5.0;
				TARGETED_DEVICE_FAMILY = "1,2";
			};
			name = Release;
		};
/* End XCBuildConfiguration section */

/* Begin XCConfigurationList section */
		227386A1203E1FDC00157013 /* Build configuration list for PBXProject "OpenMoji Stickers" */ = {
			isa = XCConfigurationList;
			buildConfigurations = (
				227386AF203E1FDC00157013 /* Debug */,
				227386B0203E1FDC00157013 /* Release */,
			);
			defaultConfigurationIsVisible = 0;
			defaultConfigurationName = Release;
		};
		227386B1203E1FDC00157013 /* Build configuration list for PBXNativeTarget "OpenMoji Stickers StickerPackExtension" */ = {
			isa = XCConfigurationList;
			buildConfigurations = (
				227386B2203E1FDC00157013 /* Debug */,
				227386B3203E1FDC00157013 /* Release */,
			);
			defaultConfigurationIsVisible = 0;
			defaultConfigurationName = Release;
		};
		227386B5203E1FDC00157013 /* Build configuration list for PBXNativeTarget "OpenMoji Stickers" */ = {
			isa = XCConfigurationList;
			buildConfigurations = (
				227386B6203E1FDC00157013 /* Debug */,
				227386B7203E1FDC00157013 /* Release */,
			);
			defaultConfigurationIsVisible = 0;
			defaultConfigurationName = Release;
		};
		22B73CB62255FE870031D96F /* Build configuration list for PBXNativeTarget "OpenMoji" */ = {
			isa = XCConfigurationList;
			buildConfigurations = (
				22B73CB42255FE870031D96F /* Debug */,
				22B73CB52255FE870031D96F /* Release */,
			);
			defaultConfigurationIsVisible = 0;
			defaultConfigurationName = Release;
		};
/* End XCConfigurationList section */
	};
	rootObject = 2273869E203E1FDC00157013 /* Project object */;
}
